
Microsoft Visual Studio Solution File, Format Version 12.00
# Visual Studio Version 16
VisualStudioVersion = 16.0.30717.126
MinimumVisualStudioVersion = 10.0.40219.1
Project("{FAE04EC0-301F-11D3-BF4B-00C04F79EFBC}") = "ComparisonCountSortAndDistributionSort", "ComparisonCountSortAndDistributionSort\ComparisonCountSortAndDistributionSort.csproj", "{D4207700-12DD-4BFB-872B-6B798F645311}"
EndProject
Global
	GlobalSection(SolutionConfigurationPlatforms) = preSolution
		Debug|Any CPU = Debug|Any CPU
		Release|Any CPU = Release|Any CPU
	EndGlobalSection
	GlobalSection(ProjectConfigurationPlatforms) = postSolution
		{D4207700-12DD-4BFB-872B-6B798F645311}.Debug|Any CPU.ActiveCfg = Debug|Any CPU
		{D4207700-12DD-4BFB-872B-6B798F645311}.Debug|Any CPU.Build.0 = Debug|Any CPU
		{D4207700-12DD-4BFB-872B-6B798F645311}.Release|Any CPU.ActiveCfg = Release|Any CPU
		{D4207700-12DD-4BFB-872B-6B798F645311}.Release|Any CPU.Build.0 = Release|Any CPU
	EndGlobalSection
	GlobalSection(SolutionProperties) = preSolution
		HideSolutionNode = FALSE
	EndGlobalSection
	GlobalSection(ExtensibilityGlobals) = postSolution
		SolutionGuid = {C7111E94-417E-4F03-B478-94DC24C9C95B}
	EndGlobalSection
EndGlobal
